
Microsoft Visual Studio Solution File, Format Version 12.00
# Visual Studio Version 16
VisualStudioVersion = 16.0.29503.13
MinimumVisualStudioVersion = 10.0.40219.1
Project("{FAE04EC0-301F-11D3-BF4B-00C04F79EFBC}") = "HastaKayıtOtomasyonu", "HastaKayıtOtomasyon_173301041\HastaKayıtOtomasyonu.csproj", "{7914F6E3-BBBE-4A59-9E53-9093DF934B82}"
EndProject
Global
	GlobalSection(SolutionConfigurationPlatforms) = preSolution
		Debug|Any CPU = Debug|Any CPU
		Release|Any CPU = Release|Any CPU
	EndGlobalSection
	GlobalSection(ProjectConfigurationPlatforms) = postSolution
		{7914F6E3-BBBE-4A59-9E53-9093DF934B82}.Debug|Any CPU.ActiveCfg = Debug|Any CPU
		{7914F6E3-BBBE-4A59-9E53-9093DF934B82}.Debug|Any CPU.Build.0 = Debug|Any CPU
		{7914F6E3-BBBE-4A59-9E53-9093DF934B82}.Release|Any CPU.ActiveCfg = Release|Any CPU
		{7914F6E3-BBBE-4A59-9E53-9093DF934B82}.Release|Any CPU.Build.0 = Release|Any CPU
	EndGlobalSection
	GlobalSection(SolutionProperties) = preSolution
		HideSolutionNode = FALSE
	EndGlobalSection
	GlobalSection(ExtensibilityGlobals) = postSolution
		SolutionGuid = {24118FAF-65AF-4FBC-BB02-15DD3E936DDE}
	EndGlobalSection
EndGlobal
